// !$*UTF8*$!
{
	archiveVersion = 1;
	classes = {
	};
	objectVersion = 50;
	objects = {

/* Begin PBXBuildFile section */
		BE3448522396F006002410F1 /* AppDelegate.swift in Sources */ = {isa = PBXBuildFile; fileRef = BE3448512396F006002410F1 /* AppDelegate.swift */; };
		BE3448542396F006002410F1 /* SceneDelegate.swift in Sources */ = {isa = PBXBuildFile; fileRef = BE3448532396F006002410F1 /* SceneDelegate.swift */; };
		BE3448562396F006002410F1 /* ViewController.swift in Sources */ = {isa = PBXBuildFile; fileRef = BE3448552396F006002410F1 /* ViewController.swift */; };
		BE3448592396F006002410F1 /* Main.storyboard in Resources */ = {isa = PBXBuildFile; fileRef = BE3448572396F006002410F1 /* Main.storyboard */; };
		BE34485B2396F009002410F1 /* Assets.xcassets in Resources */ = {isa = PBXBuildFile; fileRef = BE34485A2396F009002410F1 /* Assets.xcassets */; };
		BE34485E2396F009002410F1 /* LaunchScreen.storyboard in Resources */ = {isa = PBXBuildFile; fileRef = BE34485C2396F009002410F1 /* LaunchScreen.storyboard */; };
		BE3448692396F00A002410F1 /* JokesTests.swift in Sources */ = {isa = PBXBuildFile; fileRef = BE3448682396F00A002410F1 /* JokesTests.swift */; };
		BE3448742396F2BE002410F1 /* Joke.swift in Sources */ = {isa = PBXBuildFile; fileRef = BE3448732396F2BE002410F1 /* Joke.swift */; };
		BE3448762396F53C002410F1 /* JokesAPIClient.swift in Sources */ = {isa = PBXBuildFile; fileRef = BE3448752396F53C002410F1 /* JokesAPIClient.swift */; };
/* End PBXBuildFile section */

/* Begin PBXContainerItemProxy section */
		BE3448652396F00A002410F1 /* PBXContainerItemProxy */ = {
			isa = PBXContainerItemProxy;
			containerPortal = BE3448462396F006002410F1 /* Project object */;
			proxyType = 1;
			remoteGlobalIDString = BE34484D2396F006002410F1;
			remoteInfo = Jokes;
		};
/* End PBXContainerItemProxy section */

/* Begin PBXFileReference section */
		BE34484E2396F006002410F1 /* Jokes.app */ = {isa = PBXFileReference; explicitFileType = wrapper.application; includeInIndex = 0; path = Jokes.app; sourceTree = BUILT_PRODUCTS_DIR; };
		BE3448512396F006002410F1 /* AppDelegate.swift */ = {isa = PBXFileReference; lastKnownFileType = sourcecode.swift; path = AppDelegate.swift; sourceTree = "<group>"; };
		BE3448532396F006002410F1 /* SceneDelegate.swift */ = {isa = PBXFileReference; lastKnownFileType = sourcecode.swift; path = SceneDelegate.swift; sourceTree = "<group>"; };
		BE3448552396F006002410F1 /* ViewController.swift */ = {isa = PBXFileReference; lastKnownFileType = sourcecode.swift; path = ViewController.swift; sourceTree = "<group>"; };
		BE3448582396F006002410F1 /* Base */ = {isa = PBXFileReference; lastKnownFileType = file.storyboard; name = Base; path = Base.lproj/Main.storyboard; sourceTree = "<group>"; };
		BE34485A2396F009002410F1 /* Assets.xcassets */ = {isa = PBXFileReference; lastKnownFileType = folder.assetcatalog; path = Assets.xcassets; sourceTree = "<group>"; };
		BE34485D2396F009002410F1 /* Base */ = {isa = PBXFileReference; lastKnownFileType = file.storyboard; name = Base; path = Base.lproj/LaunchScreen.storyboard; sourceTree = "<group>"; };
		BE34485F2396F009002410F1 /* Info.plist */ = {isa = PBXFileReference; lastKnownFileType = text.plist.xml; path = Info.plist; sourceTree = "<group>"; };
		BE3448642396F00A002410F1 /* JokesTests.xctest */ = {isa = PBXFileReference; explicitFileType = wrapper.cfbundle; includeInIndex = 0; path = JokesTests.xctest; sourceTree = BUILT_PRODUCTS_DIR; };
		BE3448682396F00A002410F1 /* JokesTests.swift */ = {isa = PBXFileReference; lastKnownFileType = sourcecode.swift; path = JokesTests.swift; sourceTree = "<group>"; };
		BE34486A2396F00A002410F1 /* Info.plist */ = {isa = PBXFileReference; lastKnownFileType = text.plist.xml; path = Info.plist; sourceTree = "<group>"; };
		BE3448732396F2BE002410F1 /* Joke.swift */ = {isa = PBXFileReference; lastKnownFileType = sourcecode.swift; name = Joke.swift; path = JokesTests/Joke.swift; sourceTree = SOURCE_ROOT; };
		BE3448752396F53C002410F1 /* JokesAPIClient.swift */ = {isa = PBXFileReference; lastKnownFileType = sourcecode.swift; name = JokesAPIClient.swift; path = JokesTests/JokesAPIClient.swift; sourceTree = SOURCE_ROOT; };
/* End PBXFileReference section */

/* Begin PBXFrameworksBuildPhase section */
		BE34484B2396F006002410F1 /* Frameworks */ = {
			isa = PBXFrameworksBuildPhase;
			buildActionMask = 2147483647;
			files = (
			);
			runOnlyForDeploymentPostprocessing = 0;
		};
		BE3448612396F00A002410F1 /* Frameworks */ = {
			isa = PBXFrameworksBuildPhase;
			buildActionMask = 2147483647;
			files = (
			);
			runOnlyForDeploymentPostprocessing = 0;
		};
/* End PBXFrameworksBuildPhase section */

/* Begin PBXGroup section */
		BE3448452396F006002410F1 = {
			isa = PBXGroup;
			children = (
				BE3448502396F006002410F1 /* Jokes */,
				BE3448672396F00A002410F1 /* JokesTests */,
				BE34484F2396F006002410F1 /* Products */,
			);
			sourceTree = "<group>";
		};
		BE34484F2396F006002410F1 /* Products */ = {
			isa = PBXGroup;
			children = (
				BE34484E2396F006002410F1 /* Jokes.app */,
				BE3448642396F00A002410F1 /* JokesTests.xctest */,
			);
			name = Products;
			sourceTree = "<group>";
		};
		BE3448502396F006002410F1 /* Jokes */ = {
			isa = PBXGroup;
			children = (
				BE3448752396F53C002410F1 /* JokesAPIClient.swift */,
				BE3448732396F2BE002410F1 /* Joke.swift */,
				BE3448512396F006002410F1 /* AppDelegate.swift */,
				BE3448532396F006002410F1 /* SceneDelegate.swift */,
				BE3448552396F006002410F1 /* ViewController.swift */,
				BE3448572396F006002410F1 /* Main.storyboard */,
				BE34485A2396F009002410F1 /* Assets.xcassets */,
				BE34485C2396F009002410F1 /* LaunchScreen.storyboard */,
				BE34485F2396F009002410F1 /* Info.plist */,
			);
			path = Jokes;
			sourceTree = "<group>";
		};
		BE3448672396F00A002410F1 /* JokesTests */ = {
			isa = PBXGroup;
			children = (
				BE3448682396F00A002410F1 /* JokesTests.swift */,
				BE34486A2396F00A002410F1 /* Info.plist */,
			);
			path = JokesTests;
			sourceTree = "<group>";
		};
/* End PBXGroup section */

/* Begin PBXNativeTarget section */
		BE34484D2396F006002410F1 /* Jokes */ = {
			isa = PBXNativeTarget;
			buildConfigurationList = BE34486D2396F00A002410F1 /* Build configuration list for PBXNativeTarget "Jokes" */;
			buildPhases = (
				BE34484A2396F006002410F1 /* Sources */,
				BE34484B2396F006002410F1 /* Frameworks */,
				BE34484C2396F006002410F1 /* Resources */,
			);
			buildRules = (
			);
			dependencies = (
			);
			name = Jokes;
			productName = Jokes;
			productReference = BE34484E2396F006002410F1 /* Jokes.app */;
			productType = "com.apple.product-type.application";
		};
		BE3448632396F00A002410F1 /* JokesTests */ = {
			isa = PBXNativeTarget;
			buildConfigurationList = BE3448702396F00A002410F1 /* Build configuration list for PBXNativeTarget "JokesTests" */;
			buildPhases = (
				BE3448602396F00A002410F1 /* Sources */,
				BE3448612396F00A002410F1 /* Frameworks */,
				BE3448622396F00A002410F1 /* Resources */,
			);
			buildRules = (
			);
			dependencies = (
				BE3448662396F00A002410F1 /* PBXTargetDependency */,
			);
			name = JokesTests;
			productName = JokesTests;
			productReference = BE3448642396F00A002410F1 /* JokesTests.xctest */;
			productType = "com.apple.product-type.bundle.unit-test";
		};
/* End PBXNativeTarget section */

/* Begin PBXProject section */
		BE3448462396F006002410F1 /* Project object */ = {
			isa = PBXProject;
			attributes = {
				LastSwiftUpdateCheck = 1100;
				LastUpgradeCheck = 1100;
				ORGANIZATIONNAME = "Oscar Victoria Gonzalez ";
				TargetAttributes = {
					BE34484D2396F006002410F1 = {
						CreatedOnToolsVersion = 11.0;
					};
					BE3448632396F00A002410F1 = {
						CreatedOnToolsVersion = 11.0;
						TestTargetID = BE34484D2396F006002410F1;
					};
				};
			};
			buildConfigurationList = BE3448492396F006002410F1 /* Build configuration list for PBXProject "Jokes" */;
			compatibilityVersion = "Xcode 9.3";
			developmentRegion = en;
			hasScannedForEncodings = 0;
			knownRegions = (
				en,
				Base,
			);
			mainGroup = BE3448452396F006002410F1;
			productRefGroup = BE34484F2396F006002410F1 /* Products */;
			projectDirPath = "";
			projectRoot = "";
			targets = (
				BE34484D2396F006002410F1 /* Jokes */,
				BE3448632396F00A002410F1 /* JokesTests */,
			);
		};
/* End PBXProject section */

/* Begin PBXResourcesBuildPhase section */
		BE34484C2396F006002410F1 /* Resources */ = {
			isa = PBXResourcesBuildPhase;
			buildActionMask = 2147483647;
			files = (
				BE34485E2396F009002410F1 /* LaunchScreen.storyboard in Resources */,
				BE34485B2396F009002410F1 /* Assets.xcassets in Resources */,
				BE3448592396F006002410F1 /* Main.storyboard in Resources */,
			);
			runOnlyForDeploymentPostprocessing = 0;
		};
		BE3448622396F00A002410F1 /* Resources */ = {
			isa = PBXResourcesBuildPhase;
			buildActionMask = 2147483647;
			files = (
			);
			runOnlyForDeploymentPostprocessing = 0;
		};
/* End PBXResourcesBuildPhase section */

/* Begin PBXSourcesBuildPhase section */
		BE34484A2396F006002410F1 /* Sources */ = {
			isa = PBXSourcesBuildPhase;
			buildActionMask = 2147483647;
			files = (
				BE3448562396F006002410F1 /* ViewController.swift in Sources */,
				BE3448522396F006002410F1 /* AppDelegate.swift in Sources */,
				BE3448762396F53C002410F1 /* JokesAPIClient.swift in Sources */,
				BE3448742396F2BE002410F1 /* Joke.swift in Sources */,
				BE3448542396F006002410F1 /* SceneDelegate.swift in Sources */,
			);
			runOnlyForDeploymentPostprocessing = 0;
		};
		BE3448602396F00A002410F1 /* Sources */ = {
			isa = PBXSourcesBuildPhase;
			buildActionMask = 2147483647;
			files = (
				BE3448692396F00A002410F1 /* JokesTests.swift in Sources */,
			);
			runOnlyForDeploymentPostprocessing = 0;
		};
/* End PBXSourcesBuildPhase section */

/* Begin PBXTargetDependency section */
		BE3448662396F00A002410F1 /* PBXTargetDependency */ = {
			isa = PBXTargetDependency;
			target = BE34484D2396F006002410F1 /* Jokes */;
			targetProxy = BE3448652396F00A002410F1 /* PBXContainerItemProxy */;
		};
/* End PBXTargetDependency section */

/* Begin PBXVariantGroup section */
		BE3448572396F006002410F1 /* Main.storyboard */ = {
			isa = PBXVariantGroup;
			children = (
				BE3448582396F006002410F1 /* Base */,
			);
			name = Main.storyboard;
			sourceTree = "<group>";
		};
		BE34485C2396F009002410F1 /* LaunchScreen.storyboard */ = {
			isa = PBXVariantGroup;
			children = (
				BE34485D2396F009002410F1 /* Base */,
			);
			name = LaunchScreen.storyboard;
			sourceTree = "<group>";
		};
/* End PBXVariantGroup section */

/* Begin XCBuildConfiguration section */
		BE34486B2396F00A002410F1 /* Debug */ = {
			isa = XCBuildConfiguration;
			buildSettings = {
				ALWAYS_SEARCH_USER_PATHS = NO;
				CLANG_ANALYZER_NONNULL = YES;
				CLANG_ANALYZER_NUMBER_OBJECT_CONVERSION = YES_AGGRESSIVE;
				CLANG_CXX_LANGUAGE_STANDARD = "gnu++14";
				CLANG_CXX_LIBRARY = "libc++";
				CLANG_ENABLE_MODULES = YES;
				CLANG_ENABLE_OBJC_ARC = YES;
				CLANG_ENABLE_OBJC_WEAK = YES;
				CLANG_WARN_BLOCK_CAPTURE_AUTORELEASING = YES;
				CLANG_WARN_BOOL_CONVERSION = YES;
				CLANG_WARN_COMMA = YES;
				CLANG_WARN_CONSTANT_CONVERSION = YES;
				CLANG_WARN_DEPRECATED_OBJC_IMPLEMENTATIONS = YES;
				CLANG_WARN_DIRECT_OBJC_ISA_USAGE = YES_ERROR;
				CLANG_WARN_DOCUMENTATION_COMMENTS = YES;
				CLANG_WARN_EMPTY_BODY = YES;
				CLANG_WARN_ENUM_CONVERSION = YES;
				CLANG_WARN_INFINITE_RECURSION = YES;
				CLANG_WARN_INT_CONVERSION = YES;
				CLANG_WARN_NON_LITERAL_NULL_CONVERSION = YES;
				CLANG_WARN_OBJC_IMPLICIT_RETAIN_SELF = YES;
				CLANG_WARN_OBJC_LITERAL_CONVERSION = YES;
				CLANG_WARN_OBJC_ROOT_CLASS = YES_ERROR;
				CLANG_WARN_RANGE_LOOP_ANALYSIS = YES;
				CLANG_WARN_STRICT_PROTOTYPES = YES;
				CLANG_WARN_SUSPICIOUS_MOVE = YES;
				CLANG_WARN_UNGUARDED_AVAILABILITY = YES_AGGRESSIVE;
				CLANG_WARN_UNREACHABLE_CODE = YES;
				CLANG_WARN__DUPLICATE_METHOD_MATCH = YES;
				COPY_PHASE_STRIP = NO;
				DEBUG_INFORMATION_FORMAT = dwarf;
				ENABLE_STRICT_OBJC_MSGSEND = YES;
				ENABLE_TESTABILITY = YES;
				GCC_C_LANGUAGE_STANDARD = gnu11;
				GCC_DYNAMIC_NO_PIC = NO;
				GCC_NO_COMMON_BLOCKS = YES;
				GCC_OPTIMIZATION_LEVEL = 0;
				GCC_PREPROCESSOR_DEFINITIONS = (
					"DEBUG=1",
					"$(inherited)",
				);
				GCC_WARN_64_TO_32_BIT_CONVERSION = YES;
				GCC_WARN_ABOUT_RETURN_TYPE = YES_ERROR;
				GCC_WARN_UNDECLARED_SELECTOR = YES;
				GCC_WARN_UNINITIALIZED_AUTOS = YES_AGGRESSIVE;
				GCC_WARN_UNUSED_FUNCTION = YES;
				GCC_WARN_UNUSED_VARIABLE = YES;
				IPHONEOS_DEPLOYMENT_TARGET = 13.0;
				MTL_ENABLE_DEBUG_INFO = INCLUDE_SOURCE;
				MTL_FAST_MATH = YES;
				ONLY_ACTIVE_ARCH = YES;
				SDKROOT = iphoneos;
				SWIFT_ACTIVE_COMPILATION_CONDITIONS = DEBUG;
				SWIFT_OPTIMIZATION_LEVEL = "-Onone";
			};
			name = Debug;
		};
		BE34486C2396F00A002410F1 /* Release */ = {
			isa = XCBuildConfiguration;
			buildSettings = {
				ALWAYS_SEARCH_USER_PATHS = NO;
				CLANG_ANALYZER_NONNULL = YES;
				CLANG_ANALYZER_NUMBER_OBJECT_CONVERSION = YES_AGGRESSIVE;
				CLANG_CXX_LANGUAGE_STANDARD = "gnu++14";
				CLANG_CXX_LIBRARY = "libc++";
				CLANG_ENABLE_MODULES = YES;
				CLANG_ENABLE_OBJC_ARC = YES;
				CLANG_ENABLE_OBJC_WEAK = YES;
				CLANG_WARN_BLOCK_CAPTURE_AUTORELEASING = YES;
				CLANG_WARN_BOOL_CONVERSION = YES;
				CLANG_WARN_COMMA = YES;
				CLANG_WARN_CONSTANT_CONVERSION = YES;
				CLANG_WARN_DEPRECATED_OBJC_IMPLEMENTATIONS = YES;
				CLANG_WARN_DIRECT_OBJC_ISA_USAGE = YES_ERROR;
				CLANG_WARN_DOCUMENTATION_COMMENTS = YES;
				CLANG_WARN_EMPTY_BODY = YES;
				CLANG_WARN_ENUM_CONVERSION = YES;
				CLANG_WARN_INFINITE_RECURSION = YES;
				CLANG_WARN_INT_CONVERSION = YES;
				CLANG_WARN_NON_LITERAL_NULL_CONVERSION = YES;
				CLANG_WARN_OBJC_IMPLICIT_RETAIN_SELF = YES;
				CLANG_WARN_OBJC_LITERAL_CONVERSION = YES;
				CLANG_WARN_OBJC_ROOT_CLASS = YES_ERROR;
				CLANG_WARN_RANGE_LOOP_ANALYSIS = YES;
				CLANG_WARN_STRICT_PROTOTYPES = YES;
				CLANG_WARN_SUSPICIOUS_MOVE = YES;
				CLANG_WARN_UNGUARDED_AVAILABILITY = YES_AGGRESSIVE;
				CLANG_WARN_UNREACHABLE_CODE = YES;
				CLANG_WARN__DUPLICATE_METHOD_MATCH = YES;
				COPY_PHASE_STRIP = NO;
				DEBUG_INFORMATION_FORMAT = "dwarf-with-dsym";
				ENABLE_NS_ASSERTIONS = NO;
				ENABLE_STRICT_OBJC_MSGSEND = YES;
				GCC_C_LANGUAGE_STANDARD = gnu11;
				GCC_NO_COMMON_BLOCKS = YES;
				GCC_WARN_64_TO_32_BIT_CONVERSION = YES;
				GCC_WARN_ABOUT_RETURN_TYPE = YES_ERROR;
				GCC_WARN_UNDECLARED_SELECTOR = YES;
				GCC_WARN_UNINITIALIZED_AUTOS = YES_AGGRESSIVE;
				GCC_WARN_UNUSED_FUNCTION = YES;
				GCC_WARN_UNUSED_VARIABLE = YES;
				IPHONEOS_DEPLOYMENT_TARGET = 13.0;
				MTL_ENABLE_DEBUG_INFO = NO;
				MTL_FAST_MATH = YES;
				SDKROOT = iphoneos;
				SWIFT_COMPILATION_MODE = wholemodule;
				SWIFT_OPTIMIZATION_LEVEL = "-O";
				VALIDATE_PRODUCT = YES;
			};
			name = Release;
		};
		BE34486E2396F00A002410F1 /* Debug */ = {
			isa = XCBuildConfiguration;
			buildSettings = {
				ASSETCATALOG_COMPILER_APPICON_NAME = AppIcon;
				CODE_SIGN_STYLE = Automatic;
				DEVELOPMENT_TEAM = S55722VFBC;
				INFOPLIST_FILE = Jokes/Info.plist;
				LD_RUNPATH_SEARCH_PATHS = (
					"$(inherited)",
					"@executable_path/Frameworks",
				);
				PRODUCT_BUNDLE_IDENTIFIER = oscarvictoria.Jokes;
				PRODUCT_NAME = "$(TARGET_NAME)";
				SWIFT_VERSION = 5.0;
				TARGETED_DEVICE_FAMILY = "1,2";
			};
			name = Debug;
		};
		BE34486F2396F00A002410F1 /* Release */ = {
			isa = XCBuildConfiguration;
			buildSettings = {
				ASSETCATALOG_COMPILER_APPICON_NAME = AppIcon;
				CODE_SIGN_STYLE = Automatic;
				DEVELOPMENT_TEAM = S55722VFBC;
				INFOPLIST_FILE = Jokes/Info.plist;
				LD_RUNPATH_SEARCH_PATHS = (
					"$(inherited)",
					"@executable_path/Frameworks",
				);
				PRODUCT_BUNDLE_IDENTIFIER = oscarvictoria.Jokes;
				PRODUCT_NAME = "$(TARGET_NAME)";
				SWIFT_VERSION = 5.0;
				TARGETED_DEVICE_FAMILY = "1,2";
			};
			name = Release;
		};
		BE3448712396F00A002410F1 /* Debug */ = {
			isa = XCBuildConfiguration;
			buildSettings = {
				ALWAYS_EMBED_SWIFT_STANDARD_LIBRARIES = YES;
				BUNDLE_LOADER = "$(TEST_HOST)";
				CODE_SIGN_STYLE = Automatic;
				DEVELOPMENT_TEAM = S55722VFBC;
				INFOPLIST_FILE = JokesTests/Info.plist;
				IPHONEOS_DEPLOYMENT_TARGET = 13.0;
				LD_RUNPATH_SEARCH_PATHS = (
					"$(inherited)",
					"@executable_path/Frameworks",
					"@loader_path/Frameworks",
				);
				PRODUCT_BUNDLE_IDENTIFIER = oscarvictoria.JokesTests;
				PRODUCT_NAME = "$(TARGET_NAME)";
				SWIFT_VERSION = 5.0;
				TARGETED_DEVICE_FAMILY = "1,2";
				TEST_HOST = "$(BUILT_PRODUCTS_DIR)/Jokes.app/Jokes";
			};
			name = Debug;
		};
		BE3448722396F00A002410F1 /* Release */ = {
			isa = XCBuildConfiguration;
			buildSettings = {
				ALWAYS_EMBED_SWIFT_STANDARD_LIBRARIES = YES;
				BUNDLE_LOADER = "$(TEST_HOST)";
				CODE_SIGN_STYLE = Automatic;
				DEVELOPMENT_TEAM = S55722VFBC;
				INFOPLIST_FILE = JokesTests/Info.plist;
				IPHONEOS_DEPLOYMENT_TARGET = 13.0;
				LD_RUNPATH_SEARCH_PATHS = (
					"$(inherited)",
					"@executable_path/Frameworks",
					"@loader_path/Frameworks",
				);
				PRODUCT_BUNDLE_IDENTIFIER = oscarvictoria.JokesTests;
				PRODUCT_NAME = "$(TARGET_NAME)";
				SWIFT_VERSION = 5.0;
				TARGETED_DEVICE_FAMILY = "1,2";
				TEST_HOST = "$(BUILT_PRODUCTS_DIR)/Jokes.app/Jokes";
			};
			name = Release;
		};
/* End XCBuildConfiguration section */

/* Begin XCConfigurationList section */
		BE3448492396F006002410F1 /* Build configuration list for PBXProject "Jokes" */ = {
			isa = XCConfigurationList;
			buildConfigurations = (
				BE34486B2396F00A002410F1 /* Debug */,
				BE34486C2396F00A002410F1 /* Release */,
			);
			defaultConfigurationIsVisible = 0;
			defaultConfigurationName = Release;
		};
		BE34486D2396F00A002410F1 /* Build configuration list for PBXNativeTarget "Jokes" */ = {
			isa = XCConfigurationList;
			buildConfigurations = (
				BE34486E2396F00A002410F1 /* Debug */,
				BE34486F2396F00A002410F1 /* Release */,
			);
			defaultConfigurationIsVisible = 0;
			defaultConfigurationName = Release;
		};
		BE3448702396F00A002410F1 /* Build configuration list for PBXNativeTarget "JokesTests" */ = {
			isa = XCConfigurationList;
			buildConfigurations = (
				BE3448712396F00A002410F1 /* Debug */,
				BE3448722396F00A002410F1 /* Release */,
			);
			defaultConfigurationIsVisible = 0;
			defaultConfigurationName = Release;
		};
/* End XCConfigurationList section */
	};
	rootObject = BE3448462396F006002410F1 /* Project object */;
}
